// !$*UTF8*$!
{
	archiveVersion = 1;
	classes = {
	};
	objectVersion = 52;
	objects = {

/* Begin PBXBuildFile section */
		B4188D7B26B2ACD100A2DC02 /* ConsultancyView.swift in Sources */ = {isa = PBXBuildFile; fileRef = B4188D7A26B2ACD100A2DC02 /* ConsultancyView.swift */; };
		B4188D7D26B2ADFD00A2DC02 /* ConsultancyPresenter.swift in Sources */ = {isa = PBXBuildFile; fileRef = B4188D7C26B2ADFD00A2DC02 /* ConsultancyPresenter.swift */; };
		B4188D8526B2B94000A2DC02 /* CategoryCellView.swift in Sources */ = {isa = PBXBuildFile; fileRef = B4188D8426B2B94000A2DC02 /* CategoryCellView.swift */; };
		B4227EA126AFE70700E9FC90 /* CategoriesCell.swift in Sources */ = {isa = PBXBuildFile; fileRef = B4227E9F26AFE70700E9FC90 /* CategoriesCell.swift */; };
		B4227EA226AFE70700E9FC90 /* CategoriesCell.xib in Resources */ = {isa = PBXBuildFile; fileRef = B4227EA026AFE70700E9FC90 /* CategoriesCell.xib */; };
		B4227EB126B0371F00E9FC90 /* Categories.swift in Sources */ = {isa = PBXBuildFile; fileRef = B4227EB026B0371F00E9FC90 /* Categories.swift */; };
		B4227EB326B0374A00E9FC90 /* Category.swift in Sources */ = {isa = PBXBuildFile; fileRef = B4227EB226B0374A00E9FC90 /* Category.swift */; };
		B4227EB526B037B400E9FC90 /* File.swift in Sources */ = {isa = PBXBuildFile; fileRef = B4227EB426B037B400E9FC90 /* File.swift */; };
		B4227EB826B03CA100E9FC90 /* CategoriesTarget.swift in Sources */ = {isa = PBXBuildFile; fileRef = B4227EB726B03CA100E9FC90 /* CategoriesTarget.swift */; };
		B4227EBA26B03D2200E9FC90 /* CategoriesTarget+TargetType.swift in Sources */ = {isa = PBXBuildFile; fileRef = B4227EB926B03D2200E9FC90 /* CategoriesTarget+TargetType.swift */; };
		B4227EBE26B14BF600E9FC90 /* AppCoordinator.swift in Sources */ = {isa = PBXBuildFile; fileRef = B4227EBD26B14BF600E9FC90 /* AppCoordinator.swift */; };
		B4227EC026B14CAB00E9FC90 /* Coordinatable.swift in Sources */ = {isa = PBXBuildFile; fileRef = B4227EBF26B14CAB00E9FC90 /* Coordinatable.swift */; };
		B422B99F26FF77CC002319F3 /* ConsultancyVC+CollectionDelegates.swift in Sources */ = {isa = PBXBuildFile; fileRef = B422B99E26FF77CC002319F3 /* ConsultancyVC+CollectionDelegates.swift */; };
		B42B62AB26FF6B8600B9A716 /* Toast in Frameworks */ = {isa = PBXBuildFile; productRef = B42B62AA26FF6B8600B9A716 /* Toast */; };
		B42B62AD26FF75EF00B9A716 /* Assets.swift in Sources */ = {isa = PBXBuildFile; fileRef = B42B62AC26FF75EF00B9A716 /* Assets.swift */; };
		B4688A2226B947CE00444029 /* APIResponse.swift in Sources */ = {isa = PBXBuildFile; fileRef = B4688A2126B947CE00444029 /* APIResponse.swift */; };
		B4688A3A26B94E5000444029 /* NetworkDefaults.swift in Sources */ = {isa = PBXBuildFile; fileRef = B4688A3626B9485700444029 /* NetworkDefaults.swift */; };
		B4688A3B26B94E5000444029 /* NetworkManager.swift in Sources */ = {isa = PBXBuildFile; fileRef = B4688A3726B9485700444029 /* NetworkManager.swift */; };
		B4688A3C26B94E5000444029 /* NetworkError.swift in Sources */ = {isa = PBXBuildFile; fileRef = B4688A3926B9485800444029 /* NetworkError.swift */; };
		B4688A3D26B94E5000444029 /* StaticHeaderPlugin.swift in Sources */ = {isa = PBXBuildFile; fileRef = B4688A3826B9485800444029 /* StaticHeaderPlugin.swift */; };
		B4688A5326B953B100444029 /* NetworkManger+CategoriesService.swift in Sources */ = {isa = PBXBuildFile; fileRef = B4688A5226B953B100444029 /* NetworkManger+CategoriesService.swift */; };
		B48ECDCA26B58C4B0011D70C /* CategoriesInteractor.swift in Sources */ = {isa = PBXBuildFile; fileRef = B48ECDC926B58C4B0011D70C /* CategoriesInteractor.swift */; };
		B48ECDD226B59ECF0011D70C /* ConsultancyVC+ConsultancyView.swift in Sources */ = {isa = PBXBuildFile; fileRef = B48ECDD126B59ECF0011D70C /* ConsultancyVC+ConsultancyView.swift */; };
		B4AB279E26B1778B00DC2909 /* Routable.swift in Sources */ = {isa = PBXBuildFile; fileRef = B4AB279D26B1778B00DC2909 /* Routable.swift */; };
		B4AB27A026B17A7600DC2909 /* Router.swift in Sources */ = {isa = PBXBuildFile; fileRef = B4AB279F26B17A7600DC2909 /* Router.swift */; };
		B4AB27A226B17B8400DC2909 /* AppCoordinator+Coordinatable.swift in Sources */ = {isa = PBXBuildFile; fileRef = B4AB27A126B17B8400DC2909 /* AppCoordinator+Coordinatable.swift */; };
		B4AB27A426B17C2000DC2909 /* Router+Routable.swift in Sources */ = {isa = PBXBuildFile; fileRef = B4AB27A326B17C2000DC2909 /* Router+Routable.swift */; };
		B4AB27A626B18A1E00DC2909 /* ConsultancyCoordinator.swift in Sources */ = {isa = PBXBuildFile; fileRef = B4AB27A526B18A1E00DC2909 /* ConsultancyCoordinator.swift */; };
		B4AB27AA26B18A8900DC2909 /* ConsultancyCoodinator+Coordinatable.swift in Sources */ = {isa = PBXBuildFile; fileRef = B4AB27A926B18A8900DC2909 /* ConsultancyCoodinator+Coordinatable.swift */; };
		B4D10D6D2700374B0098F5BE /* Enterprise.xcconfig in Resources */ = {isa = PBXBuildFile; fileRef = B4D10D682700374B0098F5BE /* Enterprise.xcconfig */; };
		B4D10D6E2700374B0098F5BE /* Enterprise-Debug.xcconfig in Resources */ = {isa = PBXBuildFile; fileRef = B4D10D692700374B0098F5BE /* Enterprise-Debug.xcconfig */; };
		B4D10D6F2700374B0098F5BE /* Debug.xcconfig in Resources */ = {isa = PBXBuildFile; fileRef = B4D10D6A2700374B0098F5BE /* Debug.xcconfig */; };
		B4D10D702700374B0098F5BE /* Release.xcconfig in Resources */ = {isa = PBXBuildFile; fileRef = B4D10D6B2700374B0098F5BE /* Release.xcconfig */; };
		B4D10D712700374B0098F5BE /* Testing.xcconfig in Resources */ = {isa = PBXBuildFile; fileRef = B4D10D6C2700374B0098F5BE /* Testing.xcconfig */; };
		B4F6FD9426AD9F5900A26147 /* AppDelegate.swift in Sources */ = {isa = PBXBuildFile; fileRef = B4F6FD9326AD9F5900A26147 /* AppDelegate.swift */; };
		B4F6FD9626AD9F5900A26147 /* SceneDelegate.swift in Sources */ = {isa = PBXBuildFile; fileRef = B4F6FD9526AD9F5900A26147 /* SceneDelegate.swift */; };
		B4F6FD9D26AD9F5A00A26147 /* Assets.xcassets in Resources */ = {isa = PBXBuildFile; fileRef = B4F6FD9C26AD9F5A00A26147 /* Assets.xcassets */; };
		B4F6FDA026AD9F5A00A26147 /* LaunchScreen.storyboard in Resources */ = {isa = PBXBuildFile; fileRef = B4F6FD9E26AD9F5A00A26147 /* LaunchScreen.storyboard */; };
		B4F6FDAB26AE943100A26147 /* Moya in Frameworks */ = {isa = PBXBuildFile; productRef = B4F6FDAA26AE943100A26147 /* Moya */; };
		B4F6FDAD26AE943100A26147 /* ReactiveMoya in Frameworks */ = {isa = PBXBuildFile; productRef = B4F6FDAC26AE943100A26147 /* ReactiveMoya */; };
		B4F6FDAF26AE943100A26147 /* RxMoya in Frameworks */ = {isa = PBXBuildFile; productRef = B4F6FDAE26AE943100A26147 /* RxMoya */; };
		B4F6FDB326AE95D300A26147 /* swiftgen.yml in Resources */ = {isa = PBXBuildFile; fileRef = B4F6FDB226AE95D300A26147 /* swiftgen.yml */; };
		B4F6FDB926AE9B5C00A26147 /* ConsultancyVC.swift in Sources */ = {isa = PBXBuildFile; fileRef = B4F6FDB726AE9B5C00A26147 /* ConsultancyVC.swift */; };
		B4F6FDBA26AE9B5C00A26147 /* ConsultancyVC.xib in Resources */ = {isa = PBXBuildFile; fileRef = B4F6FDB826AE9B5C00A26147 /* ConsultancyVC.xib */; };
		B4F6FDC226AEAFFD00A26147 /* HeadLabel.swift in Sources */ = {isa = PBXBuildFile; fileRef = B4F6FDC026AEAFFD00A26147 /* HeadLabel.swift */; };
		B4F6FDC326AEAFFD00A26147 /* HeadLabel.xib in Resources */ = {isa = PBXBuildFile; fileRef = B4F6FDC126AEAFFD00A26147 /* HeadLabel.xib */; };
/* End PBXBuildFile section */

/* Begin PBXFileReference section */
		B4188D7A26B2ACD100A2DC02 /* ConsultancyView.swift */ = {isa = PBXFileReference; lastKnownFileType = sourcecode.swift; path = ConsultancyView.swift; sourceTree = "<group>"; };
		B4188D7C26B2ADFD00A2DC02 /* ConsultancyPresenter.swift */ = {isa = PBXFileReference; lastKnownFileType = sourcecode.swift; path = ConsultancyPresenter.swift; sourceTree = "<group>"; };
		B4188D8426B2B94000A2DC02 /* CategoryCellView.swift */ = {isa = PBXFileReference; lastKnownFileType = sourcecode.swift; path = CategoryCellView.swift; sourceTree = "<group>"; };
		B4227E9F26AFE70700E9FC90 /* CategoriesCell.swift */ = {isa = PBXFileReference; lastKnownFileType = sourcecode.swift; path = CategoriesCell.swift; sourceTree = "<group>"; };
		B4227EA026AFE70700E9FC90 /* CategoriesCell.xib */ = {isa = PBXFileReference; lastKnownFileType = file.xib; path = CategoriesCell.xib; sourceTree = "<group>"; };
		B4227EB026B0371F00E9FC90 /* Categories.swift */ = {isa = PBXFileReference; lastKnownFileType = sourcecode.swift; path = Categories.swift; sourceTree = "<group>"; };
		B4227EB226B0374A00E9FC90 /* Category.swift */ = {isa = PBXFileReference; lastKnownFileType = sourcecode.swift; path = Category.swift; sourceTree = "<group>"; };
		B4227EB426B037B400E9FC90 /* File.swift */ = {isa = PBXFileReference; lastKnownFileType = sourcecode.swift; path = File.swift; sourceTree = "<group>"; };
		B4227EB726B03CA100E9FC90 /* CategoriesTarget.swift */ = {isa = PBXFileReference; lastKnownFileType = sourcecode.swift; path = CategoriesTarget.swift; sourceTree = "<group>"; };
		B4227EB926B03D2200E9FC90 /* CategoriesTarget+TargetType.swift */ = {isa = PBXFileReference; lastKnownFileType = sourcecode.swift; path = "CategoriesTarget+TargetType.swift"; sourceTree = "<group>"; };
		B4227EBD26B14BF600E9FC90 /* AppCoordinator.swift */ = {isa = PBXFileReference; lastKnownFileType = sourcecode.swift; path = AppCoordinator.swift; sourceTree = "<group>"; };
		B4227EBF26B14CAB00E9FC90 /* Coordinatable.swift */ = {isa = PBXFileReference; lastKnownFileType = sourcecode.swift; path = Coordinatable.swift; sourceTree = "<group>"; };
		B422B99E26FF77CC002319F3 /* ConsultancyVC+CollectionDelegates.swift */ = {isa = PBXFileReference; fileEncoding = 4; lastKnownFileType = sourcecode.swift; path = "ConsultancyVC+CollectionDelegates.swift"; sourceTree = "<group>"; };
		B42B62AC26FF75EF00B9A716 /* Assets.swift */ = {isa = PBXFileReference; fileEncoding = 4; lastKnownFileType = sourcecode.swift; path = Assets.swift; sourceTree = "<group>"; };
		B4688A2126B947CE00444029 /* APIResponse.swift */ = {isa = PBXFileReference; fileEncoding = 4; lastKnownFileType = sourcecode.swift; path = APIResponse.swift; sourceTree = "<group>"; };
		B4688A3626B9485700444029 /* NetworkDefaults.swift */ = {isa = PBXFileReference; lastKnownFileType = sourcecode.swift; path = NetworkDefaults.swift; sourceTree = "<group>"; };
		B4688A3726B9485700444029 /* NetworkManager.swift */ = {isa = PBXFileReference; lastKnownFileType = sourcecode.swift; path = NetworkManager.swift; sourceTree = "<group>"; };
		B4688A3826B9485800444029 /* StaticHeaderPlugin.swift */ = {isa = PBXFileReference; lastKnownFileType = sourcecode.swift; path = StaticHeaderPlugin.swift; sourceTree = "<group>"; };
		B4688A3926B9485800444029 /* NetworkError.swift */ = {isa = PBXFileReference; lastKnownFileType = sourcecode.swift; path = NetworkError.swift; sourceTree = "<group>"; };
		B4688A5226B953B100444029 /* NetworkManger+CategoriesService.swift */ = {isa = PBXFileReference; lastKnownFileType = sourcecode.swift; path = "NetworkManger+CategoriesService.swift"; sourceTree = "<group>"; };
		B48ECDC926B58C4B0011D70C /* CategoriesInteractor.swift */ = {isa = PBXFileReference; lastKnownFileType = sourcecode.swift; path = CategoriesInteractor.swift; sourceTree = "<group>"; };
		B48ECDD126B59ECF0011D70C /* ConsultancyVC+ConsultancyView.swift */ = {isa = PBXFileReference; lastKnownFileType = sourcecode.swift; path = "ConsultancyVC+ConsultancyView.swift"; sourceTree = "<group>"; };
		B4AB279D26B1778B00DC2909 /* Routable.swift */ = {isa = PBXFileReference; lastKnownFileType = sourcecode.swift; path = Routable.swift; sourceTree = "<group>"; };
		B4AB279F26B17A7600DC2909 /* Router.swift */ = {isa = PBXFileReference; lastKnownFileType = sourcecode.swift; path = Router.swift; sourceTree = "<group>"; };
		B4AB27A126B17B8400DC2909 /* AppCoordinator+Coordinatable.swift */ = {isa = PBXFileReference; lastKnownFileType = sourcecode.swift; path = "AppCoordinator+Coordinatable.swift"; sourceTree = "<group>"; };
		B4AB27A326B17C2000DC2909 /* Router+Routable.swift */ = {isa = PBXFileReference; lastKnownFileType = sourcecode.swift; path = "Router+Routable.swift"; sourceTree = "<group>"; };
		B4AB27A526B18A1E00DC2909 /* ConsultancyCoordinator.swift */ = {isa = PBXFileReference; lastKnownFileType = sourcecode.swift; path = ConsultancyCoordinator.swift; sourceTree = "<group>"; };
		B4AB27A926B18A8900DC2909 /* ConsultancyCoodinator+Coordinatable.swift */ = {isa = PBXFileReference; lastKnownFileType = sourcecode.swift; path = "ConsultancyCoodinator+Coordinatable.swift"; sourceTree = "<group>"; };
		B4D10D682700374B0098F5BE /* Enterprise.xcconfig */ = {isa = PBXFileReference; fileEncoding = 4; lastKnownFileType = text.xcconfig; path = Enterprise.xcconfig; sourceTree = "<group>"; };
		B4D10D692700374B0098F5BE /* Enterprise-Debug.xcconfig */ = {isa = PBXFileReference; fileEncoding = 4; lastKnownFileType = text.xcconfig; path = "Enterprise-Debug.xcconfig"; sourceTree = "<group>"; };
		B4D10D6A2700374B0098F5BE /* Debug.xcconfig */ = {isa = PBXFileReference; fileEncoding = 4; lastKnownFileType = text.xcconfig; path = Debug.xcconfig; sourceTree = "<group>"; };
		B4D10D6B2700374B0098F5BE /* Release.xcconfig */ = {isa = PBXFileReference; fileEncoding = 4; lastKnownFileType = text.xcconfig; path = Release.xcconfig; sourceTree = "<group>"; };
		B4D10D6C2700374B0098F5BE /* Testing.xcconfig */ = {isa = PBXFileReference; fileEncoding = 4; lastKnownFileType = text.xcconfig; path = Testing.xcconfig; sourceTree = "<group>"; };
		B4F6FD9026AD9F5900A26147 /* TaskMVP.app */ = {isa = PBXFileReference; explicitFileType = wrapper.application; includeInIndex = 0; path = TaskMVP.app; sourceTree = BUILT_PRODUCTS_DIR; };
		B4F6FD9326AD9F5900A26147 /* AppDelegate.swift */ = {isa = PBXFileReference; lastKnownFileType = sourcecode.swift; path = AppDelegate.swift; sourceTree = "<group>"; };
		B4F6FD9526AD9F5900A26147 /* SceneDelegate.swift */ = {isa = PBXFileReference; lastKnownFileType = sourcecode.swift; path = SceneDelegate.swift; sourceTree = "<group>"; };
		B4F6FD9C26AD9F5A00A26147 /* Assets.xcassets */ = {isa = PBXFileReference; lastKnownFileType = folder.assetcatalog; path = Assets.xcassets; sourceTree = "<group>"; };
		B4F6FD9F26AD9F5A00A26147 /* Base */ = {isa = PBXFileReference; lastKnownFileType = file.storyboard; name = Base; path = Base.lproj/LaunchScreen.storyboard; sourceTree = "<group>"; };
		B4F6FDA126AD9F5A00A26147 /* Info.plist */ = {isa = PBXFileReference; lastKnownFileType = text.plist.xml; path = Info.plist; sourceTree = "<group>"; };
		B4F6FDB226AE95D300A26147 /* swiftgen.yml */ = {isa = PBXFileReference; fileEncoding = 4; lastKnownFileType = text.yaml; path = swiftgen.yml; sourceTree = SOURCE_ROOT; };
		B4F6FDB726AE9B5C00A26147 /* ConsultancyVC.swift */ = {isa = PBXFileReference; lastKnownFileType = sourcecode.swift; path = ConsultancyVC.swift; sourceTree = "<group>"; };
		B4F6FDB826AE9B5C00A26147 /* ConsultancyVC.xib */ = {isa = PBXFileReference; lastKnownFileType = file.xib; path = ConsultancyVC.xib; sourceTree = "<group>"; };
		B4F6FDC026AEAFFD00A26147 /* HeadLabel.swift */ = {isa = PBXFileReference; lastKnownFileType = sourcecode.swift; path = HeadLabel.swift; sourceTree = "<group>"; };
		B4F6FDC126AEAFFD00A26147 /* HeadLabel.xib */ = {isa = PBXFileReference; lastKnownFileType = file.xib; path = HeadLabel.xib; sourceTree = "<group>"; };
/* End PBXFileReference section */

/* Begin PBXFrameworksBuildPhase section */
		B4F6FD8D26AD9F5900A26147 /* Frameworks */ = {
			isa = PBXFrameworksBuildPhase;
			buildActionMask = 2147483647;
			files = (
				B42B62AB26FF6B8600B9A716 /* Toast in Frameworks */,
				B4F6FDAF26AE943100A26147 /* RxMoya in Frameworks */,
				B4F6FDAB26AE943100A26147 /* Moya in Frameworks */,
				B4F6FDAD26AE943100A26147 /* ReactiveMoya in Frameworks */,
			);
			runOnlyForDeploymentPostprocessing = 0;
		};
/* End PBXFrameworksBuildPhase section */

/* Begin PBXGroup section */
		B4188D7926B2A5EA00A2DC02 /* CategoriesPresenter */ = {
			isa = PBXGroup;
			children = (
				B4188D7C26B2ADFD00A2DC02 /* ConsultancyPresenter.swift */,
				B4188D7A26B2ACD100A2DC02 /* ConsultancyView.swift */,
				B4188D8426B2B94000A2DC02 /* CategoryCellView.swift */,
			);
			path = CategoriesPresenter;
			sourceTree = "<group>";
		};
		B4227E9E26AFE37B00E9FC90 /* CategoriesCell */ = {
			isa = PBXGroup;
			children = (
				B4227E9F26AFE70700E9FC90 /* CategoriesCell.swift */,
				B4227EA026AFE70700E9FC90 /* CategoriesCell.xib */,
			);
			path = CategoriesCell;
			sourceTree = "<group>";
		};
		B4227EAF26B036C400E9FC90 /* Model */ = {
			isa = PBXGroup;
			children = (
				B48ECDC726B58BE00011D70C /* Categories */,
			);
			path = Model;
			sourceTree = "<group>";
		};
		B4227EBC26B14BC400E9FC90 /* AppCoordinator */ = {
			isa = PBXGroup;
			children = (
				B4227EBF26B14CAB00E9FC90 /* Coordinatable.swift */,
				B4227EBD26B14BF600E9FC90 /* AppCoordinator.swift */,
				B4AB27A126B17B8400DC2909 /* AppCoordinator+Coordinatable.swift */,
			);
			path = AppCoordinator;
			sourceTree = "<group>";
		};
		B4688A1C26B9475B00444029 /* APITargets */ = {
			isa = PBXGroup;
			children = (
				B48ECDC626B587970011D70C /* CategoriesTarget */,
			);
			path = APITargets;
			sourceTree = "<group>";
		};
		B4688A1D26B9478C00444029 /* Network */ = {
			isa = PBXGroup;
			children = (
				B4688A5126B9539400444029 /* Service */,
				B4688A2026B947CE00444029 /* BaseModel */,
				B4688A3E26B94E6600444029 /* Core */,
			);
			path = Network;
			sourceTree = "<group>";
		};
		B4688A2026B947CE00444029 /* BaseModel */ = {
			isa = PBXGroup;
			children = (
				B4688A2126B947CE00444029 /* APIResponse.swift */,
			);
			path = BaseModel;
			sourceTree = "<group>";
		};
		B4688A3E26B94E6600444029 /* Core */ = {
			isa = PBXGroup;
			children = (
				B4688A3826B9485800444029 /* StaticHeaderPlugin.swift */,
				B4688A3726B9485700444029 /* NetworkManager.swift */,
				B4688A3626B9485700444029 /* NetworkDefaults.swift */,
				B4688A3926B9485800444029 /* NetworkError.swift */,
			);
			path = Core;
			sourceTree = "<group>";
		};
		B4688A5126B9539400444029 /* Service */ = {
			isa = PBXGroup;
			children = (
				B4688A5226B953B100444029 /* NetworkManger+CategoriesService.swift */,
			);
			path = Service;
			sourceTree = "<group>";
		};
		B48ECDC626B587970011D70C /* CategoriesTarget */ = {
			isa = PBXGroup;
			children = (
				B4227EB726B03CA100E9FC90 /* CategoriesTarget.swift */,
				B4227EB926B03D2200E9FC90 /* CategoriesTarget+TargetType.swift */,
			);
			path = CategoriesTarget;
			sourceTree = "<group>";
		};
		B48ECDC726B58BE00011D70C /* Categories */ = {
			isa = PBXGroup;
			children = (
				B4227EB026B0371F00E9FC90 /* Categories.swift */,
				B4227EB226B0374A00E9FC90 /* Category.swift */,
				B4227EB426B037B400E9FC90 /* File.swift */,
			);
			path = Categories;
			sourceTree = "<group>";
		};
		B48ECDC826B58C0A0011D70C /* Interactor */ = {
			isa = PBXGroup;
			children = (
				B48ECDC926B58C4B0011D70C /* CategoriesInteractor.swift */,
			);
			path = Interactor;
			sourceTree = "<group>";
		};
		B4AB279C26B1776000DC2909 /* Router */ = {
			isa = PBXGroup;
			children = (
				B4AB279D26B1778B00DC2909 /* Routable.swift */,
				B4AB279F26B17A7600DC2909 /* Router.swift */,
				B4AB27A326B17C2000DC2909 /* Router+Routable.swift */,
			);
			path = Router;
			sourceTree = "<group>";
		};
		B4AB27A726B18A2C00DC2909 /* ConsultancyVC */ = {
			isa = PBXGroup;
			children = (
				B4F6FDB726AE9B5C00A26147 /* ConsultancyVC.swift */,
				B48ECDD126B59ECF0011D70C /* ConsultancyVC+ConsultancyView.swift */,
				B4F6FDB826AE9B5C00A26147 /* ConsultancyVC.xib */,
				B422B99E26FF77CC002319F3 /* ConsultancyVC+CollectionDelegates.swift */,
			);
			path = ConsultancyVC;
			sourceTree = "<group>";
		};
		B4AB27A826B18A7300DC2909 /* ConsultancyCoordinator */ = {
			isa = PBXGroup;
			children = (
				B4AB27A526B18A1E00DC2909 /* ConsultancyCoordinator.swift */,
				B4AB27A926B18A8900DC2909 /* ConsultancyCoodinator+Coordinatable.swift */,
			);
			path = ConsultancyCoordinator;
			sourceTree = "<group>";
		};
		B4D10D672700374B0098F5BE /* Configuration */ = {
			isa = PBXGroup;
			children = (
				B4D10D682700374B0098F5BE /* Enterprise.xcconfig */,
				B4D10D692700374B0098F5BE /* Enterprise-Debug.xcconfig */,
				B4D10D6A2700374B0098F5BE /* Debug.xcconfig */,
				B4D10D6B2700374B0098F5BE /* Release.xcconfig */,
				B4D10D6C2700374B0098F5BE /* Testing.xcconfig */,
			);
			path = Configuration;
			sourceTree = "<group>";
		};
		B4F6FD8726AD9F5900A26147 = {
			isa = PBXGroup;
			children = (
				B4F6FDB226AE95D300A26147 /* swiftgen.yml */,
				B4F6FD9226AD9F5900A26147 /* TaskMVP */,
				B4F6FD9126AD9F5900A26147 /* Products */,
			);
			sourceTree = "<group>";
		};
		B4F6FD9126AD9F5900A26147 /* Products */ = {
			isa = PBXGroup;
			children = (
				B4F6FD9026AD9F5900A26147 /* TaskMVP.app */,
			);
			name = Products;
			sourceTree = "<group>";
		};
		B4F6FD9226AD9F5900A26147 /* TaskMVP */ = {
			isa = PBXGroup;
			children = (
				B4D10D672700374B0098F5BE /* Configuration */,
				B4F6FDB426AE973F00A26147 /* Core */,
				B4227EBC26B14BC400E9FC90 /* AppCoordinator */,
				B4AB279C26B1776000DC2909 /* Router */,
				B4F6FDB126AE94AC00A26147 /* Resources */,
				B4688A1C26B9475B00444029 /* APITargets */,
				B4688A1D26B9478C00444029 /* Network */,
				B4227EAF26B036C400E9FC90 /* Model */,
				B4F6FDB526AE97B700A26147 /* Scenes */,
				B4F6FD9E26AD9F5A00A26147 /* LaunchScreen.storyboard */,
				B4F6FDA126AD9F5A00A26147 /* Info.plist */,
			);
			path = TaskMVP;
			sourceTree = "<group>";
		};
		B4F6FDB126AE94AC00A26147 /* Resources */ = {
			isa = PBXGroup;
			children = (
				B42B62AC26FF75EF00B9A716 /* Assets.swift */,
				B4F6FD9C26AD9F5A00A26147 /* Assets.xcassets */,
			);
			path = Resources;
			sourceTree = "<group>";
		};
		B4F6FDB426AE973F00A26147 /* Core */ = {
			isa = PBXGroup;
			children = (
				B4F6FD9326AD9F5900A26147 /* AppDelegate.swift */,
				B4F6FD9526AD9F5900A26147 /* SceneDelegate.swift */,
			);
			path = Core;
			sourceTree = "<group>";
		};
		B4F6FDB526AE97B700A26147 /* Scenes */ = {
			isa = PBXGroup;
			children = (
				B4F6FDC826AEB9F300A26147 /* HeadLabel */,
				B4F6FDBB26AE9B7F00A26147 /* Consultancy */,
			);
			path = Scenes;
			sourceTree = "<group>";
		};
		B4F6FDBB26AE9B7F00A26147 /* Consultancy */ = {
			isa = PBXGroup;
			children = (
				B4AB27A826B18A7300DC2909 /* ConsultancyCoordinator */,
				B48ECDC826B58C0A0011D70C /* Interactor */,
				B4188D7926B2A5EA00A2DC02 /* CategoriesPresenter */,
				B4227E9E26AFE37B00E9FC90 /* CategoriesCell */,
				B4AB27A726B18A2C00DC2909 /* ConsultancyVC */,
			);
			path = Consultancy;
			sourceTree = "<group>";
		};
		B4F6FDC826AEB9F300A26147 /* HeadLabel */ = {
			isa = PBXGroup;
			children = (
				B4F6FDC026AEAFFD00A26147 /* HeadLabel.swift */,
				B4F6FDC126AEAFFD00A26147 /* HeadLabel.xib */,
			);
			path = HeadLabel;
			sourceTree = "<group>";
		};
/* End PBXGroup section */

/* Begin PBXNativeTarget section */
		B4F6FD8F26AD9F5900A26147 /* TaskMVP */ = {
			isa = PBXNativeTarget;
			buildConfigurationList = B4F6FDA426AD9F5A00A26147 /* Build configuration list for PBXNativeTarget "TaskMVP" */;
			buildPhases = (
				B4F6FDA726ADA1D900A26147 /* SwiftLint */,
				B4F6FDA826ADA20000A26147 /* SwiftGen  */,
				B4F6FD8C26AD9F5900A26147 /* Sources */,
				B4F6FD8D26AD9F5900A26147 /* Frameworks */,
				B4F6FD8E26AD9F5900A26147 /* Resources */,
			);
			buildRules = (
			);
			dependencies = (
			);
			name = TaskMVP;
			packageProductDependencies = (
				B4F6FDAA26AE943100A26147 /* Moya */,
				B4F6FDAC26AE943100A26147 /* ReactiveMoya */,
				B4F6FDAE26AE943100A26147 /* RxMoya */,
				B42B62AA26FF6B8600B9A716 /* Toast */,
			);
			productName = TaskMVP;
			productReference = B4F6FD9026AD9F5900A26147 /* TaskMVP.app */;
			productType = "com.apple.product-type.application";
		};
/* End PBXNativeTarget section */

/* Begin PBXProject section */
		B4F6FD8826AD9F5900A26147 /* Project object */ = {
			isa = PBXProject;
			attributes = {
				LastSwiftUpdateCheck = 1250;
				LastUpgradeCheck = 1250;
				TargetAttributes = {
					B4F6FD8F26AD9F5900A26147 = {
						CreatedOnToolsVersion = 12.5;
					};
				};
			};
			buildConfigurationList = B4F6FD8B26AD9F5900A26147 /* Build configuration list for PBXProject "TaskMVP" */;
			compatibilityVersion = "Xcode 9.3";
			developmentRegion = en;
			hasScannedForEncodings = 0;
			knownRegions = (
				en,
				Base,
			);
			mainGroup = B4F6FD8726AD9F5900A26147;
			packageReferences = (
				B4F6FDA926AE943100A26147 /* XCRemoteSwiftPackageReference "Moya" */,
				B42B62A926FF6B8600B9A716 /* XCRemoteSwiftPackageReference "Toast-Swift" */,
			);
			productRefGroup = B4F6FD9126AD9F5900A26147 /* Products */;
			projectDirPath = "";
			projectRoot = "";
			targets = (
				B4F6FD8F26AD9F5900A26147 /* TaskMVP */,
			);
		};
/* End PBXProject section */

/* Begin PBXResourcesBuildPhase section */
		B4F6FD8E26AD9F5900A26147 /* Resources */ = {
			isa = PBXResourcesBuildPhase;
			buildActionMask = 2147483647;
			files = (
				B4F6FDA026AD9F5A00A26147 /* LaunchScreen.storyboard in Resources */,
				B4F6FDBA26AE9B5C00A26147 /* ConsultancyVC.xib in Resources */,
				B4F6FD9D26AD9F5A00A26147 /* Assets.xcassets in Resources */,
				B4F6FDB326AE95D300A26147 /* swiftgen.yml in Resources */,
				B4D10D712700374B0098F5BE /* Testing.xcconfig in Resources */,
				B4D10D702700374B0098F5BE /* Release.xcconfig in Resources */,
				B4F6FDC326AEAFFD00A26147 /* HeadLabel.xib in Resources */,
				B4D10D6E2700374B0098F5BE /* Enterprise-Debug.xcconfig in Resources */,
				B4227EA226AFE70700E9FC90 /* CategoriesCell.xib in Resources */,
				B4D10D6D2700374B0098F5BE /* Enterprise.xcconfig in Resources */,
				B4D10D6F2700374B0098F5BE /* Debug.xcconfig in Resources */,
			);
			runOnlyForDeploymentPostprocessing = 0;
		};
/* End PBXResourcesBuildPhase section */

/* Begin PBXShellScriptBuildPhase section */
		B4F6FDA726ADA1D900A26147 /* SwiftLint */ = {
			isa = PBXShellScriptBuildPhase;
			buildActionMask = 2147483647;
			files = (
			);
			inputFileListPaths = (
			);
			inputPaths = (
			);
			name = SwiftLint;
			outputFileListPaths = (
			);
			outputPaths = (
			);
			runOnlyForDeploymentPostprocessing = 0;
			shellPath = /bin/sh;
			shellScript = "# Type a script or drag a script file from your workspace to insert its path.\nswiftlint\n";
		};
		B4F6FDA826ADA20000A26147 /* SwiftGen  */ = {
			isa = PBXShellScriptBuildPhase;
			buildActionMask = 2147483647;
			files = (
			);
			inputFileListPaths = (
			);
			inputPaths = (
			);
			name = "SwiftGen ";
			outputFileListPaths = (
			);
			outputPaths = (
			);
			runOnlyForDeploymentPostprocessing = 0;
			shellPath = /bin/sh;
			shellScript = "# Type a script or drag a script file from your workspace to insert its path.\nswiftgen\n";
		};
/* End PBXShellScriptBuildPhase section */

/* Begin PBXSourcesBuildPhase section */
		B4F6FD8C26AD9F5900A26147 /* Sources */ = {
			isa = PBXSourcesBuildPhase;
			buildActionMask = 2147483647;
			files = (
				B48ECDCA26B58C4B0011D70C /* CategoriesInteractor.swift in Sources */,
				B4688A3C26B94E5000444029 /* NetworkError.swift in Sources */,
				B4688A3A26B94E5000444029 /* NetworkDefaults.swift in Sources */,
				B4227EB826B03CA100E9FC90 /* CategoriesTarget.swift in Sources */,
				B4227EBA26B03D2200E9FC90 /* CategoriesTarget+TargetType.swift in Sources */,
				B4227EBE26B14BF600E9FC90 /* AppCoordinator.swift in Sources */,
				B4227EA126AFE70700E9FC90 /* CategoriesCell.swift in Sources */,
				B4AB27A226B17B8400DC2909 /* AppCoordinator+Coordinatable.swift in Sources */,
				B4AB27AA26B18A8900DC2909 /* ConsultancyCoodinator+Coordinatable.swift in Sources */,
				B422B99F26FF77CC002319F3 /* ConsultancyVC+CollectionDelegates.swift in Sources */,
				B4AB279E26B1778B00DC2909 /* Routable.swift in Sources */,
				B4227EB126B0371F00E9FC90 /* Categories.swift in Sources */,
				B4188D7D26B2ADFD00A2DC02 /* ConsultancyPresenter.swift in Sources */,
				B48ECDD226B59ECF0011D70C /* ConsultancyVC+ConsultancyView.swift in Sources */,
				B4688A3D26B94E5000444029 /* StaticHeaderPlugin.swift in Sources */,
				B4688A5326B953B100444029 /* NetworkManger+CategoriesService.swift in Sources */,
				B4F6FDC226AEAFFD00A26147 /* HeadLabel.swift in Sources */,
				B4AB27A626B18A1E00DC2909 /* ConsultancyCoordinator.swift in Sources */,
				B4AB27A026B17A7600DC2909 /* Router.swift in Sources */,
				B4188D7B26B2ACD100A2DC02 /* ConsultancyView.swift in Sources */,
				B4227EB526B037B400E9FC90 /* File.swift in Sources */,
				B4227EB326B0374A00E9FC90 /* Category.swift in Sources */,
				B4F6FDB926AE9B5C00A26147 /* ConsultancyVC.swift in Sources */,
				B4AB27A426B17C2000DC2909 /* Router+Routable.swift in Sources */,
				B4F6FD9426AD9F5900A26147 /* AppDelegate.swift in Sources */,
				B4188D8526B2B94000A2DC02 /* CategoryCellView.swift in Sources */,
				B4688A3B26B94E5000444029 /* NetworkManager.swift in Sources */,
				B4F6FD9626AD9F5900A26147 /* SceneDelegate.swift in Sources */,
				B42B62AD26FF75EF00B9A716 /* Assets.swift in Sources */,
				B4227EC026B14CAB00E9FC90 /* Coordinatable.swift in Sources */,
				B4688A2226B947CE00444029 /* APIResponse.swift in Sources */,
			);
			runOnlyForDeploymentPostprocessing = 0;
		};
/* End PBXSourcesBuildPhase section */

/* Begin PBXVariantGroup section */
		B4F6FD9E26AD9F5A00A26147 /* LaunchScreen.storyboard */ = {
			isa = PBXVariantGroup;
			children = (
				B4F6FD9F26AD9F5A00A26147 /* Base */,
			);
			name = LaunchScreen.storyboard;
			sourceTree = "<group>";
		};
/* End PBXVariantGroup section */

/* Begin XCBuildConfiguration section */
		B4D10D612700364D0098F5BE /* Enterprise-Debug */ = {
			isa = XCBuildConfiguration;
			buildSettings = {
				ALWAYS_SEARCH_USER_PATHS = NO;
				CLANG_ANALYZER_NONNULL = YES;
				CLANG_ANALYZER_NUMBER_OBJECT_CONVERSION = YES_AGGRESSIVE;
				CLANG_CXX_LANGUAGE_STANDARD = "gnu++14";
				CLANG_CXX_LIBRARY = "libc++";
				CLANG_ENABLE_MODULES = YES;
				CLANG_ENABLE_OBJC_ARC = YES;
				CLANG_ENABLE_OBJC_WEAK = YES;
				CLANG_WARN_BLOCK_CAPTURE_AUTORELEASING = YES;
				CLANG_WARN_BOOL_CONVERSION = YES;
				CLANG_WARN_COMMA = YES;
				CLANG_WARN_CONSTANT_CONVERSION = YES;
				CLANG_WARN_DEPRECATED_OBJC_IMPLEMENTATIONS = YES;
				CLANG_WARN_DIRECT_OBJC_ISA_USAGE = YES_ERROR;
				CLANG_WARN_DOCUMENTATION_COMMENTS = YES;
				CLANG_WARN_EMPTY_BODY = YES;
				CLANG_WARN_ENUM_CONVERSION = YES;
				CLANG_WARN_INFINITE_RECURSION = YES;
				CLANG_WARN_INT_CONVERSION = YES;
				CLANG_WARN_NON_LITERAL_NULL_CONVERSION = YES;
				CLANG_WARN_OBJC_IMPLICIT_RETAIN_SELF = YES;
				CLANG_WARN_OBJC_LITERAL_CONVERSION = YES;
				CLANG_WARN_OBJC_ROOT_CLASS = YES_ERROR;
				CLANG_WARN_QUOTED_INCLUDE_IN_FRAMEWORK_HEADER = YES;
				CLANG_WARN_RANGE_LOOP_ANALYSIS = YES;
				CLANG_WARN_STRICT_PROTOTYPES = YES;
				CLANG_WARN_SUSPICIOUS_MOVE = YES;
				CLANG_WARN_UNGUARDED_AVAILABILITY = YES_AGGRESSIVE;
				CLANG_WARN_UNREACHABLE_CODE = YES;
				CLANG_WARN__DUPLICATE_METHOD_MATCH = YES;
				COPY_PHASE_STRIP = NO;
				DEBUG_INFORMATION_FORMAT = dwarf;
				ENABLE_STRICT_OBJC_MSGSEND = YES;
				ENABLE_TESTABILITY = YES;
				GCC_C_LANGUAGE_STANDARD = gnu11;
				GCC_DYNAMIC_NO_PIC = NO;
				GCC_NO_COMMON_BLOCKS = YES;
				GCC_OPTIMIZATION_LEVEL = 0;
				GCC_PREPROCESSOR_DEFINITIONS = (
					"DEBUG=1",
					"$(inherited)",
				);
				GCC_WARN_64_TO_32_BIT_CONVERSION = YES;
				GCC_WARN_ABOUT_RETURN_TYPE = YES_ERROR;
				GCC_WARN_UNDECLARED_SELECTOR = YES;
				GCC_WARN_UNINITIALIZED_AUTOS = YES_AGGRESSIVE;
				GCC_WARN_UNUSED_FUNCTION = YES;
				GCC_WARN_UNUSED_VARIABLE = YES;
				IPHONEOS_DEPLOYMENT_TARGET = 14.5;
				MTL_ENABLE_DEBUG_INFO = INCLUDE_SOURCE;
				MTL_FAST_MATH = YES;
				ONLY_ACTIVE_ARCH = YES;
				SDKROOT = iphoneos;
				SWIFT_ACTIVE_COMPILATION_CONDITIONS = DEBUG;
				SWIFT_OPTIMIZATION_LEVEL = "-Onone";
				VERSIONING_SYSTEM = "";
			};
			name = "Enterprise-Debug";
		};
		B4D10D622700364D0098F5BE /* Enterprise-Debug */ = {
			isa = XCBuildConfiguration;
			baseConfigurationReference = B4D10D692700374B0098F5BE /* Enterprise-Debug.xcconfig */;
			buildSettings = {
				ASSETCATALOG_COMPILER_APPICON_NAME = "$(APP_ICON)";
				ASSETCATALOG_COMPILER_GLOBAL_ACCENT_COLOR_NAME = AccentColor;
				CODE_SIGN_STYLE = Automatic;
				CURRENT_PROJECT_VERSION = 1;
				DEVELOPMENT_TEAM = "$(APP_TEAM_ID)";
				INFOPLIST_FILE = TaskMVP/Info.plist;
				LD_RUNPATH_SEARCH_PATHS = (
					"$(inherited)",
					"@executable_path/Frameworks",
				);
				PRODUCT_BUNDLE_IDENTIFIER = "$(APP_BUNDLE_IDENTIFIER)";
				PRODUCT_NAME = "$(TARGET_NAME)";
				SWIFT_VERSION = 5.0;
				TARGETED_DEVICE_FAMILY = "1,2";
				VERSIONING_SYSTEM = "apple-generic";
			};
			name = "Enterprise-Debug";
		};
		B4D10D632700365D0098F5BE /* Testing */ = {
			isa = XCBuildConfiguration;
			buildSettings = {
				ALWAYS_SEARCH_USER_PATHS = NO;
				CLANG_ANALYZER_NONNULL = YES;
				CLANG_ANALYZER_NUMBER_OBJECT_CONVERSION = YES_AGGRESSIVE;
				CLANG_CXX_LANGUAGE_STANDARD = "gnu++14";
				CLANG_CXX_LIBRARY = "libc++";
				CLANG_ENABLE_MODULES = YES;
				CLANG_ENABLE_OBJC_ARC = YES;
				CLANG_ENABLE_OBJC_WEAK = YES;
				CLANG_WARN_BLOCK_CAPTURE_AUTORELEASING = YES;
				CLANG_WARN_BOOL_CONVERSION = YES;
				CLANG_WARN_COMMA = YES;
				CLANG_WARN_CONSTANT_CONVERSION = YES;
				CLANG_WARN_DEPRECATED_OBJC_IMPLEMENTATIONS = YES;
				CLANG_WARN_DIRECT_OBJC_ISA_USAGE = YES_ERROR;
				CLANG_WARN_DOCUMENTATION_COMMENTS = YES;
				CLANG_WARN_EMPTY_BODY = YES;
				CLANG_WARN_ENUM_CONVERSION = YES;
				CLANG_WARN_INFINITE_RECURSION = YES;
				CLANG_WARN_INT_CONVERSION = YES;
				CLANG_WARN_NON_LITERAL_NULL_CONVERSION = YES;
				CLANG_WARN_OBJC_IMPLICIT_RETAIN_SELF = YES;
				CLANG_WARN_OBJC_LITERAL_CONVERSION = YES;
				CLANG_WARN_OBJC_ROOT_CLASS = YES_ERROR;
				CLANG_WARN_QUOTED_INCLUDE_IN_FRAMEWORK_HEADER = YES;
				CLANG_WARN_RANGE_LOOP_ANALYSIS = YES;
				CLANG_WARN_STRICT_PROTOTYPES = YES;
				CLANG_WARN_SUSPICIOUS_MOVE = YES;
				CLANG_WARN_UNGUARDED_AVAILABILITY = YES_AGGRESSIVE;
				CLANG_WARN_UNREACHABLE_CODE = YES;
				CLANG_WARN__DUPLICATE_METHOD_MATCH = YES;
				COPY_PHASE_STRIP = NO;
				DEBUG_INFORMATION_FORMAT = dwarf;
				ENABLE_STRICT_OBJC_MSGSEND = YES;
				ENABLE_TESTABILITY = YES;
				GCC_C_LANGUAGE_STANDARD = gnu11;
				GCC_DYNAMIC_NO_PIC = NO;
				GCC_NO_COMMON_BLOCKS = YES;
				GCC_OPTIMIZATION_LEVEL = 0;
				GCC_PREPROCESSOR_DEFINITIONS = (
					"DEBUG=1",
					"$(inherited)",
				);
				GCC_WARN_64_TO_32_BIT_CONVERSION = YES;
				GCC_WARN_ABOUT_RETURN_TYPE = YES_ERROR;
				GCC_WARN_UNDECLARED_SELECTOR = YES;
				GCC_WARN_UNINITIALIZED_AUTOS = YES_AGGRESSIVE;
				GCC_WARN_UNUSED_FUNCTION = YES;
				GCC_WARN_UNUSED_VARIABLE = YES;
				IPHONEOS_DEPLOYMENT_TARGET = 14.5;
				MTL_ENABLE_DEBUG_INFO = INCLUDE_SOURCE;
				MTL_FAST_MATH = YES;
				ONLY_ACTIVE_ARCH = YES;
				SDKROOT = iphoneos;
				SWIFT_ACTIVE_COMPILATION_CONDITIONS = DEBUG;
				SWIFT_OPTIMIZATION_LEVEL = "-Onone";
				VERSIONING_SYSTEM = "";
			};
			name = Testing;
		};
		B4D10D642700365D0098F5BE /* Testing */ = {
			isa = XCBuildConfiguration;
			baseConfigurationReference = B4D10D6C2700374B0098F5BE /* Testing.xcconfig */;
			buildSettings = {
				ASSETCATALOG_COMPILER_APPICON_NAME = "$(APP_ICON)";
				ASSETCATALOG_COMPILER_GLOBAL_ACCENT_COLOR_NAME = AccentColor;
				CODE_SIGN_STYLE = Automatic;
				CURRENT_PROJECT_VERSION = 1;
				DEVELOPMENT_TEAM = "$(APP_TEAM_ID)";
				INFOPLIST_FILE = TaskMVP/Info.plist;
				LD_RUNPATH_SEARCH_PATHS = (
					"$(inherited)",
					"@executable_path/Frameworks",
				);
				PRODUCT_BUNDLE_IDENTIFIER = "$(APP_BUNDLE_IDENTIFIER)";
				PRODUCT_NAME = "$(TARGET_NAME)";
				SWIFT_VERSION = 5.0;
				TARGETED_DEVICE_FAMILY = "1,2";
				VERSIONING_SYSTEM = "apple-generic";
			};
			name = Testing;
		};
		B4D10D65270036670098F5BE /* Enterprise */ = {
			isa = XCBuildConfiguration;
			buildSettings = {
				ALWAYS_SEARCH_USER_PATHS = NO;
				CLANG_ANALYZER_NONNULL = YES;
				CLANG_ANALYZER_NUMBER_OBJECT_CONVERSION = YES_AGGRESSIVE;
				CLANG_CXX_LANGUAGE_STANDARD = "gnu++14";
				CLANG_CXX_LIBRARY = "libc++";
				CLANG_ENABLE_MODULES = YES;
				CLANG_ENABLE_OBJC_ARC = YES;
				CLANG_ENABLE_OBJC_WEAK = YES;
				CLANG_WARN_BLOCK_CAPTURE_AUTORELEASING = YES;
				CLANG_WARN_BOOL_CONVERSION = YES;
				CLANG_WARN_COMMA = YES;
				CLANG_WARN_CONSTANT_CONVERSION = YES;
				CLANG_WARN_DEPRECATED_OBJC_IMPLEMENTATIONS = YES;
				CLANG_WARN_DIRECT_OBJC_ISA_USAGE = YES_ERROR;
				CLANG_WARN_DOCUMENTATION_COMMENTS = YES;
				CLANG_WARN_EMPTY_BODY = YES;
				CLANG_WARN_ENUM_CONVERSION = YES;
				CLANG_WARN_INFINITE_RECURSION = YES;
				CLANG_WARN_INT_CONVERSION = YES;
				CLANG_WARN_NON_LITERAL_NULL_CONVERSION = YES;
				CLANG_WARN_OBJC_IMPLICIT_RETAIN_SELF = YES;
				CLANG_WARN_OBJC_LITERAL_CONVERSION = YES;
				CLANG_WARN_OBJC_ROOT_CLASS = YES_ERROR;
				CLANG_WARN_QUOTED_INCLUDE_IN_FRAMEWORK_HEADER = YES;
				CLANG_WARN_RANGE_LOOP_ANALYSIS = YES;
				CLANG_WARN_STRICT_PROTOTYPES = YES;
				CLANG_WARN_SUSPICIOUS_MOVE = YES;
				CLANG_WARN_UNGUARDED_AVAILABILITY = YES_AGGRESSIVE;
				CLANG_WARN_UNREACHABLE_CODE = YES;
				CLANG_WARN__DUPLICATE_METHOD_MATCH = YES;
				COPY_PHASE_STRIP = NO;
				DEBUG_INFORMATION_FORMAT = "dwarf-with-dsym";
				ENABLE_NS_ASSERTIONS = NO;
				ENABLE_STRICT_OBJC_MSGSEND = YES;
				GCC_C_LANGUAGE_STANDARD = gnu11;
				GCC_NO_COMMON_BLOCKS = YES;
				GCC_WARN_64_TO_32_BIT_CONVERSION = YES;
				GCC_WARN_ABOUT_RETURN_TYPE = YES_ERROR;
				GCC_WARN_UNDECLARED_SELECTOR = YES;
				GCC_WARN_UNINITIALIZED_AUTOS = YES_AGGRESSIVE;
				GCC_WARN_UNUSED_FUNCTION = YES;
				GCC_WARN_UNUSED_VARIABLE = YES;
				IPHONEOS_DEPLOYMENT_TARGET = 14.5;
				MTL_ENABLE_DEBUG_INFO = NO;
				MTL_FAST_MATH = YES;
				SDKROOT = iphoneos;
				SWIFT_COMPILATION_MODE = wholemodule;
				SWIFT_OPTIMIZATION_LEVEL = "-O";
				VALIDATE_PRODUCT = YES;
				VERSIONING_SYSTEM = "";
			};
			name = Enterprise;
		};
		B4D10D66270036670098F5BE /* Enterprise */ = {
			isa = XCBuildConfiguration;
			baseConfigurationReference = B4D10D682700374B0098F5BE /* Enterprise.xcconfig */;
			buildSettings = {
				ASSETCATALOG_COMPILER_APPICON_NAME = "$(APP_ICON)";
				ASSETCATALOG_COMPILER_GLOBAL_ACCENT_COLOR_NAME = AccentColor;
				CODE_SIGN_STYLE = Automatic;
				CURRENT_PROJECT_VERSION = 1;
				DEVELOPMENT_TEAM = "$(APP_TEAM_ID)";
				INFOPLIST_FILE = TaskMVP/Info.plist;
				LD_RUNPATH_SEARCH_PATHS = (
					"$(inherited)",
					"@executable_path/Frameworks",
				);
				PRODUCT_BUNDLE_IDENTIFIER = "$(APP_BUNDLE_IDENTIFIER)";
				PRODUCT_NAME = "$(TARGET_NAME)";
				SWIFT_VERSION = 5.0;
				TARGETED_DEVICE_FAMILY = "1,2";
				VERSIONING_SYSTEM = "apple-generic";
			};
			name = Enterprise;
		};
		B4F6FDA226AD9F5A00A26147 /* Debug */ = {
			isa = XCBuildConfiguration;
			buildSettings = {
				ALWAYS_SEARCH_USER_PATHS = NO;
				CLANG_ANALYZER_NONNULL = YES;
				CLANG_ANALYZER_NUMBER_OBJECT_CONVERSION = YES_AGGRESSIVE;
				CLANG_CXX_LANGUAGE_STANDARD = "gnu++14";
				CLANG_CXX_LIBRARY = "libc++";
				CLANG_ENABLE_MODULES = YES;
				CLANG_ENABLE_OBJC_ARC = YES;
				CLANG_ENABLE_OBJC_WEAK = YES;
				CLANG_WARN_BLOCK_CAPTURE_AUTORELEASING = YES;
				CLANG_WARN_BOOL_CONVERSION = YES;
				CLANG_WARN_COMMA = YES;
				CLANG_WARN_CONSTANT_CONVERSION = YES;
				CLANG_WARN_DEPRECATED_OBJC_IMPLEMENTATIONS = YES;
				CLANG_WARN_DIRECT_OBJC_ISA_USAGE = YES_ERROR;
				CLANG_WARN_DOCUMENTATION_COMMENTS = YES;
				CLANG_WARN_EMPTY_BODY = YES;
				CLANG_WARN_ENUM_CONVERSION = YES;
				CLANG_WARN_INFINITE_RECURSION = YES;
				CLANG_WARN_INT_CONVERSION = YES;
				CLANG_WARN_NON_LITERAL_NULL_CONVERSION = YES;
				CLANG_WARN_OBJC_IMPLICIT_RETAIN_SELF = YES;
				CLANG_WARN_OBJC_LITERAL_CONVERSION = YES;
				CLANG_WARN_OBJC_ROOT_CLASS = YES_ERROR;
				CLANG_WARN_QUOTED_INCLUDE_IN_FRAMEWORK_HEADER = YES;
				CLANG_WARN_RANGE_LOOP_ANALYSIS = YES;
				CLANG_WARN_STRICT_PROTOTYPES = YES;
				CLANG_WARN_SUSPICIOUS_MOVE = YES;
				CLANG_WARN_UNGUARDED_AVAILABILITY = YES_AGGRESSIVE;
				CLANG_WARN_UNREACHABLE_CODE = YES;
				CLANG_WARN__DUPLICATE_METHOD_MATCH = YES;
				COPY_PHASE_STRIP = NO;
				DEBUG_INFORMATION_FORMAT = dwarf;
				ENABLE_STRICT_OBJC_MSGSEND = YES;
				ENABLE_TESTABILITY = YES;
				GCC_C_LANGUAGE_STANDARD = gnu11;
				GCC_DYNAMIC_NO_PIC = NO;
				GCC_NO_COMMON_BLOCKS = YES;
				GCC_OPTIMIZATION_LEVEL = 0;
				GCC_PREPROCESSOR_DEFINITIONS = (
					"DEBUG=1",
					"$(inherited)",
				);
				GCC_WARN_64_TO_32_BIT_CONVERSION = YES;
				GCC_WARN_ABOUT_RETURN_TYPE = YES_ERROR;
				GCC_WARN_UNDECLARED_SELECTOR = YES;
				GCC_WARN_UNINITIALIZED_AUTOS = YES_AGGRESSIVE;
				GCC_WARN_UNUSED_FUNCTION = YES;
				GCC_WARN_UNUSED_VARIABLE = YES;
				IPHONEOS_DEPLOYMENT_TARGET = 14.5;
				MTL_ENABLE_DEBUG_INFO = INCLUDE_SOURCE;
				MTL_FAST_MATH = YES;
				ONLY_ACTIVE_ARCH = YES;
				SDKROOT = iphoneos;
				SWIFT_ACTIVE_COMPILATION_CONDITIONS = DEBUG;
				SWIFT_OPTIMIZATION_LEVEL = "-Onone";
				VERSIONING_SYSTEM = "";
			};
			name = Debug;
		};
		B4F6FDA326AD9F5A00A26147 /* Release */ = {
			isa = XCBuildConfiguration;
			buildSettings = {
				ALWAYS_SEARCH_USER_PATHS = NO;
				CLANG_ANALYZER_NONNULL = YES;
				CLANG_ANALYZER_NUMBER_OBJECT_CONVERSION = YES_AGGRESSIVE;
				CLANG_CXX_LANGUAGE_STANDARD = "gnu++14";
				CLANG_CXX_LIBRARY = "libc++";
				CLANG_ENABLE_MODULES = YES;
				CLANG_ENABLE_OBJC_ARC = YES;
				CLANG_ENABLE_OBJC_WEAK = YES;
				CLANG_WARN_BLOCK_CAPTURE_AUTORELEASING = YES;
				CLANG_WARN_BOOL_CONVERSION = YES;
				CLANG_WARN_COMMA = YES;
				CLANG_WARN_CONSTANT_CONVERSION = YES;
				CLANG_WARN_DEPRECATED_OBJC_IMPLEMENTATIONS = YES;
				CLANG_WARN_DIRECT_OBJC_ISA_USAGE = YES_ERROR;
				CLANG_WARN_DOCUMENTATION_COMMENTS = YES;
				CLANG_WARN_EMPTY_BODY = YES;
				CLANG_WARN_ENUM_CONVERSION = YES;
				CLANG_WARN_INFINITE_RECURSION = YES;
				CLANG_WARN_INT_CONVERSION = YES;
				CLANG_WARN_NON_LITERAL_NULL_CONVERSION = YES;
				CLANG_WARN_OBJC_IMPLICIT_RETAIN_SELF = YES;
				CLANG_WARN_OBJC_LITERAL_CONVERSION = YES;
				CLANG_WARN_OBJC_ROOT_CLASS = YES_ERROR;
				CLANG_WARN_QUOTED_INCLUDE_IN_FRAMEWORK_HEADER = YES;
				CLANG_WARN_RANGE_LOOP_ANALYSIS = YES;
				CLANG_WARN_STRICT_PROTOTYPES = YES;
				CLANG_WARN_SUSPICIOUS_MOVE = YES;
				CLANG_WARN_UNGUARDED_AVAILABILITY = YES_AGGRESSIVE;
				CLANG_WARN_UNREACHABLE_CODE = YES;
				CLANG_WARN__DUPLICATE_METHOD_MATCH = YES;
				COPY_PHASE_STRIP = NO;
				DEBUG_INFORMATION_FORMAT = "dwarf-with-dsym";
				ENABLE_NS_ASSERTIONS = NO;
				ENABLE_STRICT_OBJC_MSGSEND = YES;
				GCC_C_LANGUAGE_STANDARD = gnu11;
				GCC_NO_COMMON_BLOCKS = YES;
				GCC_WARN_64_TO_32_BIT_CONVERSION = YES;
				GCC_WARN_ABOUT_RETURN_TYPE = YES_ERROR;
				GCC_WARN_UNDECLARED_SELECTOR = YES;
				GCC_WARN_UNINITIALIZED_AUTOS = YES_AGGRESSIVE;
				GCC_WARN_UNUSED_FUNCTION = YES;
				GCC_WARN_UNUSED_VARIABLE = YES;
				IPHONEOS_DEPLOYMENT_TARGET = 14.5;
				MTL_ENABLE_DEBUG_INFO = NO;
				MTL_FAST_MATH = YES;
				SDKROOT = iphoneos;
				SWIFT_COMPILATION_MODE = wholemodule;
				SWIFT_OPTIMIZATION_LEVEL = "-O";
				VALIDATE_PRODUCT = YES;
				VERSIONING_SYSTEM = "";
			};
			name = Release;
		};
		B4F6FDA526AD9F5A00A26147 /* Debug */ = {
			isa = XCBuildConfiguration;
			baseConfigurationReference = B4D10D6A2700374B0098F5BE /* Debug.xcconfig */;
			buildSettings = {
				ASSETCATALOG_COMPILER_APPICON_NAME = "$(APP_ICON)";
				ASSETCATALOG_COMPILER_GLOBAL_ACCENT_COLOR_NAME = AccentColor;
				CODE_SIGN_STYLE = Automatic;
				CURRENT_PROJECT_VERSION = 1;
				DEVELOPMENT_TEAM = "$(APP_TEAM_ID)";
				INFOPLIST_FILE = TaskMVP/Info.plist;
				LD_RUNPATH_SEARCH_PATHS = (
					"$(inherited)",
					"@executable_path/Frameworks",
				);
				PRODUCT_BUNDLE_IDENTIFIER = "$(APP_BUNDLE_IDENTIFIER)";
				PRODUCT_NAME = "$(TARGET_NAME)";
				SWIFT_VERSION = 5.0;
				TARGETED_DEVICE_FAMILY = "1,2";
				VERSIONING_SYSTEM = "apple-generic";
			};
			name = Debug;
		};
		B4F6FDA626AD9F5A00A26147 /* Release */ = {
			isa = XCBuildConfiguration;
			baseConfigurationReference = B4D10D6B2700374B0098F5BE /* Release.xcconfig */;
			buildSettings = {
				ASSETCATALOG_COMPILER_APPICON_NAME = "$(APP_ICON)";
				ASSETCATALOG_COMPILER_GLOBAL_ACCENT_COLOR_NAME = AccentColor;
				CODE_SIGN_STYLE = Automatic;
				CURRENT_PROJECT_VERSION = 1;
				DEVELOPMENT_TEAM = "$(APP_TEAM_ID)";
				INFOPLIST_FILE = TaskMVP/Info.plist;
				LD_RUNPATH_SEARCH_PATHS = (
					"$(inherited)",
					"@executable_path/Frameworks",
				);
				PRODUCT_BUNDLE_IDENTIFIER = "$(APP_BUNDLE_IDENTIFIER)";
				PRODUCT_NAME = "$(TARGET_NAME)";
				SWIFT_VERSION = 5.0;
				TARGETED_DEVICE_FAMILY = "1,2";
				VERSIONING_SYSTEM = "apple-generic";
			};
			name = Release;
		};
/* End XCBuildConfiguration section */

/* Begin XCConfigurationList section */
		B4F6FD8B26AD9F5900A26147 /* Build configuration list for PBXProject "TaskMVP" */ = {
			isa = XCConfigurationList;
			buildConfigurations = (
				B4F6FDA226AD9F5A00A26147 /* Debug */,
				B4D10D632700365D0098F5BE /* Testing */,
				B4D10D612700364D0098F5BE /* Enterprise-Debug */,
				B4F6FDA326AD9F5A00A26147 /* Release */,
				B4D10D65270036670098F5BE /* Enterprise */,
			);
			defaultConfigurationIsVisible = 0;
			defaultConfigurationName = Release;
		};
		B4F6FDA426AD9F5A00A26147 /* Build configuration list for PBXNativeTarget "TaskMVP" */ = {
			isa = XCConfigurationList;
			buildConfigurations = (
				B4F6FDA526AD9F5A00A26147 /* Debug */,
				B4D10D642700365D0098F5BE /* Testing */,
				B4D10D622700364D0098F5BE /* Enterprise-Debug */,
				B4F6FDA626AD9F5A00A26147 /* Release */,
				B4D10D66270036670098F5BE /* Enterprise */,
			);
			defaultConfigurationIsVisible = 0;
			defaultConfigurationName = Release;
		};
/* End XCConfigurationList section */

/* Begin XCRemoteSwiftPackageReference section */
		B42B62A926FF6B8600B9A716 /* XCRemoteSwiftPackageReference "Toast-Swift" */ = {
			isa = XCRemoteSwiftPackageReference;
			repositoryURL = "https://github.com/scalessec/Toast-Swift.git";
			requirement = {
				kind = upToNextMajorVersion;
				minimumVersion = 5.0.1;
			};
		};
		B4F6FDA926AE943100A26147 /* XCRemoteSwiftPackageReference "Moya" */ = {
			isa = XCRemoteSwiftPackageReference;
			repositoryURL = "https://github.com/Moya/Moya.git";
			requirement = {
				kind = upToNextMajorVersion;
				minimumVersion = 14.0.1;
			};
		};
/* End XCRemoteSwiftPackageReference section */

/* Begin XCSwiftPackageProductDependency section */
		B42B62AA26FF6B8600B9A716 /* Toast */ = {
			isa = XCSwiftPackageProductDependency;
			package = B42B62A926FF6B8600B9A716 /* XCRemoteSwiftPackageReference "Toast-Swift" */;
			productName = Toast;
		};
		B4F6FDAA26AE943100A26147 /* Moya */ = {
			isa = XCSwiftPackageProductDependency;
			package = B4F6FDA926AE943100A26147 /* XCRemoteSwiftPackageReference "Moya" */;
			productName = Moya;
		};
		B4F6FDAC26AE943100A26147 /* ReactiveMoya */ = {
			isa = XCSwiftPackageProductDependency;
			package = B4F6FDA926AE943100A26147 /* XCRemoteSwiftPackageReference "Moya" */;
			productName = ReactiveMoya;
		};
		B4F6FDAE26AE943100A26147 /* RxMoya */ = {
			isa = XCSwiftPackageProductDependency;
			package = B4F6FDA926AE943100A26147 /* XCRemoteSwiftPackageReference "Moya" */;
			productName = RxMoya;
		};
/* End XCSwiftPackageProductDependency section */
	};
	rootObject = B4F6FD8826AD9F5900A26147 /* Project object */;
}
